
Microsoft Visual Studio Solution File, Format Version 12.00
# Visual Studio 15
VisualStudioVersion = 15.0.28307.572
MinimumVisualStudioVersion = 10.0.40219.1
Project("{FAE04EC0-301F-11D3-BF4B-00C04F79EFBC}") = "扫雷", "扫雷\扫雷.csproj", "{463DA19C-EBE0-43BF-8EEA-F73F95394437}"
EndProject
Global
	GlobalSection(SolutionConfigurationPlatforms) = preSolution
		Debug|Any CPU = Debug|Any CPU
		Release|Any CPU = Release|Any CPU
	EndGlobalSection
	GlobalSection(ProjectConfigurationPlatforms) = postSolution
		{463DA19C-EBE0-43BF-8EEA-F73F95394437}.Debug|Any CPU.ActiveCfg = Debug|Any CPU
		{463DA19C-EBE0-43BF-8EEA-F73F95394437}.Debug|Any CPU.Build.0 = Debug|Any CPU
		{463DA19C-EBE0-43BF-8EEA-F73F95394437}.Release|Any CPU.ActiveCfg = Release|Any CPU
		{463DA19C-EBE0-43BF-8EEA-F73F95394437}.Release|Any CPU.Build.0 = Release|Any CPU
	EndGlobalSection
	GlobalSection(SolutionProperties) = preSolution
		HideSolutionNode = FALSE
	EndGlobalSection
	GlobalSection(ExtensibilityGlobals) = postSolution
		SolutionGuid = {32204282-AAB0-4C96-9073-F83720C5A973}
	EndGlobalSection
EndGlobal
